
Microsoft Visual Studio Solution File, Format Version 12.00
# Visual Studio Version 17
VisualStudioVersion = 17.12.35527.113
MinimumVisualStudioVersion = 10.0.40219.1
Project("{8BC9CEB8-8B4A-11D0-8D11-00A0C91BC942}") = "Day_01", "Day_01\Day_01.vcxproj", "{82D276B8-A25D-4E86-952E-541CF4CDE43B}"
EndProject
Project("{8BC9CEB8-8B4A-11D0-8D11-00A0C91BC942}") = "Day_02", "Day_02\Day_02.vcxproj", "{E3DD3F06-2AC2-4F73-B9C6-5F710D8DF700}"
EndProject
Project("{8BC9CEB8-8B4A-11D0-8D11-00A0C91BC942}") = "Day_03", "Day_03\Day_03.vcxproj", "{0343805D-3A6F-488F-B8A2-EFE64A6896D8}"
EndProject
Project("{8BC9CEB8-8B4A-11D0-8D11-00A0C91BC942}") = "Day_04", "Day_04\Day_04.vcxproj", "{94FC4A9D-C257-4E64-A7E9-D826D78C6A5F}"
EndProject
Project("{8BC9CEB8-8B4A-11D0-8D11-00A0C91BC942}") = "Day_05", "Day_05\Day_05.vcxproj", "{B6131AE7-11D0-4707-9744-963B9FDB62A5}"
EndProject
Project("{8BC9CEB8-8B4A-11D0-8D11-00A0C91BC942}") = "Day_06", "Day_06\Day_06.vcxproj", "{C5AB5704-9BA7-49B7-A302-9F5FC612FA00}"
EndProject
Project("{8BC9CEB8-8B4A-11D0-8D11-00A0C91BC942}") = "Day_07", "Day_07\Day_07.vcxproj", "{87EDAA65-78BC-45EF-BD5F-3406E6A93DFD}"
EndProject
Project("{8BC9CEB8-8B4A-11D0-8D11-00A0C91BC942}") = "Day_08", "Day_08\Day_08.vcxproj", "{644CA2A0-DD47-4A78-BEED-EEBE1D92F895}"
EndProject
Project("{8BC9CEB8-8B4A-11D0-8D11-00A0C91BC942}") = "Day_09", "Day_09\Day_09.vcxproj", "{3247C3B1-69D2-4589-90C1-58F4B5EE8896}"
EndProject
Global
	GlobalSection(SolutionConfigurationPlatforms) = preSolution
		Debug|x64 = Debug|x64
		Debug|x86 = Debug|x86
		Release|x64 = Release|x64
		Release|x86 = Release|x86
	EndGlobalSection
	GlobalSection(ProjectConfigurationPlatforms) = postSolution
		{82D276B8-A25D-4E86-952E-541CF4CDE43B}.Debug|x64.ActiveCfg = Debug|x64
		{82D276B8-A25D-4E86-952E-541CF4CDE43B}.Debug|x64.Build.0 = Debug|x64
		{82D276B8-A25D-4E86-952E-541CF4CDE43B}.Debug|x86.ActiveCfg = Debug|Win32
		{82D276B8-A25D-4E86-952E-541CF4CDE43B}.Debug|x86.Build.0 = Debug|Win32
		{82D276B8-A25D-4E86-952E-541CF4CDE43B}.Release|x64.ActiveCfg = Release|x64
		{82D276B8-A25D-4E86-952E-541CF4CDE43B}.Release|x64.Build.0 = Release|x64
		{82D276B8-A25D-4E86-952E-541CF4CDE43B}.Release|x86.ActiveCfg = Release|Win32
		{82D276B8-A25D-4E86-952E-541CF4CDE43B}.Release|x86.Build.0 = Release|Win32
		{E3DD3F06-2AC2-4F73-B9C6-5F710D8DF700}.Debug|x64.ActiveCfg = Debug|x64
		{E3DD3F06-2AC2-4F73-B9C6-5F710D8DF700}.Debug|x64.Build.0 = Debug|x64
		{E3DD3F06-2AC2-4F73-B9C6-5F710D8DF700}.Debug|x86.ActiveCfg = Debug|Win32
		{E3DD3F06-2AC2-4F73-B9C6-5F710D8DF700}.Debug|x86.Build.0 = Debug|Win32
		{E3DD3F06-2AC2-4F73-B9C6-5F710D8DF700}.Release|x64.ActiveCfg = Release|x64
		{E3DD3F06-2AC2-4F73-B9C6-5F710D8DF700}.Release|x64.Build.0 = Release|x64
		{E3DD3F06-2AC2-4F73-B9C6-5F710D8DF700}.Release|x86.ActiveCfg = Release|Win32
		{E3DD3F06-2AC2-4F73-B9C6-5F710D8DF700}.Release|x86.Build.0 = Release|Win32
		{0343805D-3A6F-488F-B8A2-EFE64A6896D8}.Debug|x64.ActiveCfg = Debug|x64
		{0343805D-3A6F-488F-B8A2-EFE64A6896D8}.Debug|x64.Build.0 = Debug|x64
		{0343805D-3A6F-488F-B8A2-EFE64A6896D8}.Debug|x86.ActiveCfg = Debug|Win32
		{0343805D-3A6F-488F-B8A2-EFE64A6896D8}.Debug|x86.Build.0 = Debug|Win32
		{0343805D-3A6F-488F-B8A2-EFE64A6896D8}.Release|x64.ActiveCfg = Release|x64
		{0343805D-3A6F-488F-B8A2-EFE64A6896D8}.Release|x64.Build.0 = Release|x64
		{0343805D-3A6F-488F-B8A2-EFE64A6896D8}.Release|x86.ActiveCfg = Release|Win32
		{0343805D-3A6F-488F-B8A2-EFE64A6896D8}.Release|x86.Build.0 = Release|Win32
		{94FC4A9D-C257-4E64-A7E9-D826D78C6A5F}.Debug|x64.ActiveCfg = Debug|x64
		{94FC4A9D-C257-4E64-A7E9-D826D78C6A5F}.Debug|x64.Build.0 = Debug|x64
		{94FC4A9D-C257-4E64-A7E9-D826D78C6A5F}.Debug|x86.ActiveCfg = Debug|Win32
		{94FC4A9D-C257-4E64-A7E9-D826D78C6A5F}.Debug|x86.Build.0 = Debug|Win32
		{94FC4A9D-C257-4E64-A7E9-D826D78C6A5F}.Release|x64.ActiveCfg = Release|x64
		{94FC4A9D-C257-4E64-A7E9-D826D78C6A5F}.Release|x64.Build.0 = Release|x64
		{94FC4A9D-C257-4E64-A7E9-D826D78C6A5F}.Release|x86.ActiveCfg = Release|Win32
		{94FC4A9D-C257-4E64-A7E9-D826D78C6A5F}.Release|x86.Build.0 = Release|Win32
		{B6131AE7-11D0-4707-9744-963B9FDB62A5}.Debug|x64.ActiveCfg = Debug|x64
		{B6131AE7-11D0-4707-9744-963B9FDB62A5}.Debug|x64.Build.0 = Debug|x64
		{B6131AE7-11D0-4707-9744-963B9FDB62A5}.Debug|x86.ActiveCfg = Debug|Win32
		{B6131AE7-11D0-4707-9744-963B9FDB62A5}.Debug|x86.Build.0 = Debug|Win32
		{B6131AE7-11D0-4707-9744-963B9FDB62A5}.Release|x64.ActiveCfg = Release|x64
		{B6131AE7-11D0-4707-9744-963B9FDB62A5}.Release|x64.Build.0 = Release|x64
		{B6131AE7-11D0-4707-9744-963B9FDB62A5}.Release|x86.ActiveCfg = Release|Win32
		{B6131AE7-11D0-4707-9744-963B9FDB62A5}.Release|x86.Build.0 = Release|Win32
		{C5AB5704-9BA7-49B7-A302-9F5FC612FA00}.Debug|x64.ActiveCfg = Debug|x64
		{C5AB5704-9BA7-49B7-A302-9F5FC612FA00}.Debug|x64.Build.0 = Debug|x64
		{C5AB5704-9BA7-49B7-A302-9F5FC612FA00}.Debug|x86.ActiveCfg = Debug|Win32
		{C5AB5704-9BA7-49B7-A302-9F5FC612FA00}.Debug|x86.Build.0 = Debug|Win32
		{C5AB5704-9BA7-49B7-A302-9F5FC612FA00}.Release|x64.ActiveCfg = Release|x64
		{C5AB5704-9BA7-49B7-A302-9F5FC612FA00}.Release|x64.Build.0 = Release|x64
		{C5AB5704-9BA7-49B7-A302-9F5FC612FA00}.Release|x86.ActiveCfg = Release|Win32
		{C5AB5704-9BA7-49B7-A302-9F5FC612FA00}.Release|x86.Build.0 = Release|Win32
		{87EDAA65-78BC-45EF-BD5F-3406E6A93DFD}.Debug|x64.ActiveCfg = Debug|x64
		{87EDAA65-78BC-45EF-BD5F-3406E6A93DFD}.Debug|x64.Build.0 = Debug|x64
		{87EDAA65-78BC-45EF-BD5F-3406E6A93DFD}.Debug|x86.ActiveCfg = Debug|Win32
		{87EDAA65-78BC-45EF-BD5F-3406E6A93DFD}.Debug|x86.Build.0 = Debug|Win32
		{87EDAA65-78BC-45EF-BD5F-3406E6A93DFD}.Release|x64.ActiveCfg = Release|x64
		{87EDAA65-78BC-45EF-BD5F-3406E6A93DFD}.Release|x64.Build.0 = Release|x64
		{87EDAA65-78BC-45EF-BD5F-3406E6A93DFD}.Release|x86.ActiveCfg = Release|Win32
		{87EDAA65-78BC-45EF-BD5F-3406E6A93DFD}.Release|x86.Build.0 = Release|Win32
		{644CA2A0-DD47-4A78-BEED-EEBE1D92F895}.Debug|x64.ActiveCfg = Debug|x64
		{644CA2A0-DD47-4A78-BEED-EEBE1D92F895}.Debug|x64.Build.0 = Debug|x64
		{644CA2A0-DD47-4A78-BEED-EEBE1D92F895}.Debug|x86.ActiveCfg = Debug|Win32
		{644CA2A0-DD47-4A78-BEED-EEBE1D92F895}.Debug|x86.Build.0 = Debug|Win32
		{644CA2A0-DD47-4A78-BEED-EEBE1D92F895}.Release|x64.ActiveCfg = Release|x64
		{644CA2A0-DD47-4A78-BEED-EEBE1D92F895}.Release|x64.Build.0 = Release|x64
		{644CA2A0-DD47-4A78-BEED-EEBE1D92F895}.Release|x86.ActiveCfg = Release|Win32
		{644CA2A0-DD47-4A78-BEED-EEBE1D92F895}.Release|x86.Build.0 = Release|Win32
		{3247C3B1-69D2-4589-90C1-58F4B5EE8896}.Debug|x64.ActiveCfg = Debug|x64
		{3247C3B1-69D2-4589-90C1-58F4B5EE8896}.Debug|x64.Build.0 = Debug|x64
		{3247C3B1-69D2-4589-90C1-58F4B5EE8896}.Debug|x86.ActiveCfg = Debug|Win32
		{3247C3B1-69D2-4589-90C1-58F4B5EE8896}.Debug|x86.Build.0 = Debug|Win32
		{3247C3B1-69D2-4589-90C1-58F4B5EE8896}.Release|x64.ActiveCfg = Release|x64
		{3247C3B1-69D2-4589-90C1-58F4B5EE8896}.Release|x64.Build.0 = Release|x64
		{3247C3B1-69D2-4589-90C1-58F4B5EE8896}.Release|x86.ActiveCfg = Release|Win32
		{3247C3B1-69D2-4589-90C1-58F4B5EE8896}.Release|x86.Build.0 = Release|Win32
	EndGlobalSection
	GlobalSection(SolutionProperties) = preSolution
		HideSolutionNode = FALSE
	EndGlobalSection
	GlobalSection(ExtensibilityGlobals) = postSolution
		SolutionGuid = {B13C8A09-EB33-4767-B1D6-968B77A9B610}
	EndGlobalSection
EndGlobal
